
Microsoft Visual Studio Solution File, Format Version 12.00
# Visual Studio 15
VisualStudioVersion = 15.0.27130.2026
MinimumVisualStudioVersion = 10.0.40219.1
Project("{9A19103F-16F7-4668-BE54-9A1E7A4F7556}") = "Message.Api", "Message\Message.Api.csproj", "{E405AEED-BB29-40E3-877A-AA5818E85CE9}"
EndProject
Project("{FAE04EC0-301F-11D3-BF4B-00C04F79EFBC}") = "Message.Abstractions", "Message.Abstractions\Message.Abstractions.csproj", "{5D34E1EC-86A4-476A-B47A-3DC806EBC074}"
EndProject
Project("{FAE04EC0-301F-11D3-BF4B-00C04F79EFBC}") = "Message.Service", "Message.Service\Message.Service.csproj", "{6AD8B93C-A642-432B-9CC8-7B13CD4C7C4E}"
EndProject
Project("{FAE04EC0-301F-11D3-BF4B-00C04F79EFBC}") = "Message.Repository", "Message.Repository\Message.Repository.csproj", "{57F0F0A1-086E-4E09-B2C5-4B4FFFEC5130}"
EndProject
Project("{FAE04EC0-301F-11D3-BF4B-00C04F79EFBC}") = "Message.Test", "Message.Test\Message.Test.csproj", "{219380A6-F62C-468E-846B-5D439C7C0523}"
EndProject
Global
	GlobalSection(SolutionConfigurationPlatforms) = preSolution
		Debug|Any CPU = Debug|Any CPU
		Release|Any CPU = Release|Any CPU
	EndGlobalSection
	GlobalSection(ProjectConfigurationPlatforms) = postSolution
		{E405AEED-BB29-40E3-877A-AA5818E85CE9}.Debug|Any CPU.ActiveCfg = Debug|Any CPU
		{E405AEED-BB29-40E3-877A-AA5818E85CE9}.Debug|Any CPU.Build.0 = Debug|Any CPU
		{E405AEED-BB29-40E3-877A-AA5818E85CE9}.Release|Any CPU.ActiveCfg = Release|Any CPU
		{E405AEED-BB29-40E3-877A-AA5818E85CE9}.Release|Any CPU.Build.0 = Release|Any CPU
		{5D34E1EC-86A4-476A-B47A-3DC806EBC074}.Debug|Any CPU.ActiveCfg = Debug|Any CPU
		{5D34E1EC-86A4-476A-B47A-3DC806EBC074}.Debug|Any CPU.Build.0 = Debug|Any CPU
		{5D34E1EC-86A4-476A-B47A-3DC806EBC074}.Release|Any CPU.ActiveCfg = Release|Any CPU
		{5D34E1EC-86A4-476A-B47A-3DC806EBC074}.Release|Any CPU.Build.0 = Release|Any CPU
		{6AD8B93C-A642-432B-9CC8-7B13CD4C7C4E}.Debug|Any CPU.ActiveCfg = Debug|Any CPU
		{6AD8B93C-A642-432B-9CC8-7B13CD4C7C4E}.Debug|Any CPU.Build.0 = Debug|Any CPU
		{6AD8B93C-A642-432B-9CC8-7B13CD4C7C4E}.Release|Any CPU.ActiveCfg = Release|Any CPU
		{6AD8B93C-A642-432B-9CC8-7B13CD4C7C4E}.Release|Any CPU.Build.0 = Release|Any CPU
		{57F0F0A1-086E-4E09-B2C5-4B4FFFEC5130}.Debug|Any CPU.ActiveCfg = Debug|Any CPU
		{57F0F0A1-086E-4E09-B2C5-4B4FFFEC5130}.Debug|Any CPU.Build.0 = Debug|Any CPU
		{57F0F0A1-086E-4E09-B2C5-4B4FFFEC5130}.Release|Any CPU.ActiveCfg = Release|Any CPU
		{57F0F0A1-086E-4E09-B2C5-4B4FFFEC5130}.Release|Any CPU.Build.0 = Release|Any CPU
		{219380A6-F62C-468E-846B-5D439C7C0523}.Debug|Any CPU.ActiveCfg = Debug|Any CPU
		{219380A6-F62C-468E-846B-5D439C7C0523}.Debug|Any CPU.Build.0 = Debug|Any CPU
		{219380A6-F62C-468E-846B-5D439C7C0523}.Release|Any CPU.ActiveCfg = Release|Any CPU
		{219380A6-F62C-468E-846B-5D439C7C0523}.Release|Any CPU.Build.0 = Release|Any CPU
	EndGlobalSection
	GlobalSection(SolutionProperties) = preSolution
		HideSolutionNode = FALSE
	EndGlobalSection
	GlobalSection(ExtensibilityGlobals) = postSolution
		SolutionGuid = {10C75A9A-54D9-413D-BEF6-F2371B54C500}
	EndGlobalSection
EndGlobal
